// !$*UTF8*$!
{
	archiveVersion = 1;
	classes = {
	};
	objectVersion = 46;
	objects = {

/* Begin PBXBuildFile section */
		948F44EA1CF5554900226A5A /* UIView+Extension.m in Sources */ = {isa = PBXBuildFile; fileRef = 948F44E91CF5554900226A5A /* UIView+Extension.m */; };
		94FD428B1CEE9AB100E200C0 /* main.m in Sources */ = {isa = PBXBuildFile; fileRef = 94FD428A1CEE9AB100E200C0 /* main.m */; };
		94FD428E1CEE9AB100E200C0 /* AppDelegate.m in Sources */ = {isa = PBXBuildFile; fileRef = 94FD428D1CEE9AB100E200C0 /* AppDelegate.m */; };
		94FD42911CEE9AB100E200C0 /* ViewController.m in Sources */ = {isa = PBXBuildFile; fileRef = 94FD42901CEE9AB100E200C0 /* ViewController.m */; };
		94FD42941CEE9AB100E200C0 /* Main.storyboard in Resources */ = {isa = PBXBuildFile; fileRef = 94FD42921CEE9AB100E200C0 /* Main.storyboard */; };
		94FD42961CEE9AB100E200C0 /* Assets.xcassets in Resources */ = {isa = PBXBuildFile; fileRef = 94FD42951CEE9AB100E200C0 /* Assets.xcassets */; };
		94FD42991CEE9AB100E200C0 /* LaunchScreen.storyboard in Resources */ = {isa = PBXBuildFile; fileRef = 94FD42971CEE9AB100E200C0 /* LaunchScreen.storyboard */; };
		94FD42A21CEE9B4D00E200C0 /* GAPGuideViewController.m in Sources */ = {isa = PBXBuildFile; fileRef = 94FD42A11CEE9B4D00E200C0 /* GAPGuideViewController.m */; };
		94FD42A81CEEDB6100E200C0 /* HXCardSwitchView.m in Sources */ = {isa = PBXBuildFile; fileRef = 94FD42A71CEEDB6100E200C0 /* HXCardSwitchView.m */; };
/* End PBXBuildFile section */

/* Begin PBXFileReference section */
		948F44E81CF5554900226A5A /* UIView+Extension.h */ = {isa = PBXFileReference; fileEncoding = 4; lastKnownFileType = sourcecode.c.h; path = "UIView+Extension.h"; sourceTree = "<group>"; };
		948F44E91CF5554900226A5A /* UIView+Extension.m */ = {isa = PBXFileReference; fileEncoding = 4; lastKnownFileType = sourcecode.c.objc; path = "UIView+Extension.m"; sourceTree = "<group>"; };
		94FD42861CEE9AB000E200C0 /* guideDemo.app */ = {isa = PBXFileReference; explicitFileType = wrapper.application; includeInIndex = 0; path = guideDemo.app; sourceTree = BUILT_PRODUCTS_DIR; };
		94FD428A1CEE9AB100E200C0 /* main.m */ = {isa = PBXFileReference; lastKnownFileType = sourcecode.c.objc; path = main.m; sourceTree = "<group>"; };
		94FD428C1CEE9AB100E200C0 /* AppDelegate.h */ = {isa = PBXFileReference; lastKnownFileType = sourcecode.c.h; path = AppDelegate.h; sourceTree = "<group>"; };
		94FD428D1CEE9AB100E200C0 /* AppDelegate.m */ = {isa = PBXFileReference; lastKnownFileType = sourcecode.c.objc; path = AppDelegate.m; sourceTree = "<group>"; };
		94FD428F1CEE9AB100E200C0 /* ViewController.h */ = {isa = PBXFileReference; lastKnownFileType = sourcecode.c.h; path = ViewController.h; sourceTree = "<group>"; };
		94FD42901CEE9AB100E200C0 /* ViewController.m */ = {isa = PBXFileReference; lastKnownFileType = sourcecode.c.objc; path = ViewController.m; sourceTree = "<group>"; };
		94FD42931CEE9AB100E200C0 /* Base */ = {isa = PBXFileReference; lastKnownFileType = file.storyboard; name = Base; path = Base.lproj/Main.storyboard; sourceTree = "<group>"; };
		94FD42951CEE9AB100E200C0 /* Assets.xcassets */ = {isa = PBXFileReference; lastKnownFileType = folder.assetcatalog; path = Assets.xcassets; sourceTree = "<group>"; };
		94FD42981CEE9AB100E200C0 /* Base */ = {isa = PBXFileReference; lastKnownFileType = file.storyboard; name = Base; path = Base.lproj/LaunchScreen.storyboard; sourceTree = "<group>"; };
		94FD429A1CEE9AB100E200C0 /* Info.plist */ = {isa = PBXFileReference; lastKnownFileType = text.plist.xml; path = Info.plist; sourceTree = "<group>"; };
		94FD42A01CEE9B4D00E200C0 /* GAPGuideViewController.h */ = {isa = PBXFileReference; fileEncoding = 4; lastKnownFileType = sourcecode.c.h; path = GAPGuideViewController.h; sourceTree = "<group>"; };
		94FD42A11CEE9B4D00E200C0 /* GAPGuideViewController.m */ = {isa = PBXFileReference; fileEncoding = 4; lastKnownFileType = sourcecode.c.objc; path = GAPGuideViewController.m; sourceTree = "<group>"; };
		94FD42A61CEEDB6100E200C0 /* HXCardSwitchView.h */ = {isa = PBXFileReference; fileEncoding = 4; lastKnownFileType = sourcecode.c.h; path = HXCardSwitchView.h; sourceTree = "<group>"; };
		94FD42A71CEEDB6100E200C0 /* HXCardSwitchView.m */ = {isa = PBXFileReference; fileEncoding = 4; lastKnownFileType = sourcecode.c.objc; path = HXCardSwitchView.m; sourceTree = "<group>"; };
/* End PBXFileReference section */

/* Begin PBXFrameworksBuildPhase section */
		94FD42831CEE9AB000E200C0 /* Frameworks */ = {
			isa = PBXFrameworksBuildPhase;
			buildActionMask = 2147483647;
			files = (
			);
			runOnlyForDeploymentPostprocessing = 0;
		};
/* End PBXFrameworksBuildPhase section */

/* Begin PBXGroup section */
		94FD427D1CEE9AB000E200C0 = {
			isa = PBXGroup;
			children = (
				94FD42881CEE9AB100E200C0 /* guideDemo */,
				94FD42871CEE9AB000E200C0 /* Products */,
			);
			sourceTree = "<group>";
		};
		94FD42871CEE9AB000E200C0 /* Products */ = {
			isa = PBXGroup;
			children = (
				94FD42861CEE9AB000E200C0 /* guideDemo.app */,
			);
			name = Products;
			sourceTree = "<group>";
		};
		94FD42881CEE9AB100E200C0 /* guideDemo */ = {
			isa = PBXGroup;
			children = (
				94FD428C1CEE9AB100E200C0 /* AppDelegate.h */,
				94FD428D1CEE9AB100E200C0 /* AppDelegate.m */,
				94FD428F1CEE9AB100E200C0 /* ViewController.h */,
				94FD42901CEE9AB100E200C0 /* ViewController.m */,
				94FD42A61CEEDB6100E200C0 /* HXCardSwitchView.h */,
				94FD42A71CEEDB6100E200C0 /* HXCardSwitchView.m */,
				948F44E81CF5554900226A5A /* UIView+Extension.h */,
				948F44E91CF5554900226A5A /* UIView+Extension.m */,
				94FD42A01CEE9B4D00E200C0 /* GAPGuideViewController.h */,
				94FD42A11CEE9B4D00E200C0 /* GAPGuideViewController.m */,
				94FD42921CEE9AB100E200C0 /* Main.storyboard */,
				94FD42951CEE9AB100E200C0 /* Assets.xcassets */,
				94FD42971CEE9AB100E200C0 /* LaunchScreen.storyboard */,
				94FD429A1CEE9AB100E200C0 /* Info.plist */,
				94FD42891CEE9AB100E200C0 /* Supporting Files */,
			);
			path = guideDemo;
			sourceTree = "<group>";
		};
		94FD42891CEE9AB100E200C0 /* Supporting Files */ = {
			isa = PBXGroup;
			children = (
				94FD428A1CEE9AB100E200C0 /* main.m */,
			);
			name = "Supporting Files";
			sourceTree = "<group>";
		};
/* End PBXGroup section */

/* Begin PBXNativeTarget section */
		94FD42851CEE9AB000E200C0 /* guideDemo */ = {
			isa = PBXNativeTarget;
			buildConfigurationList = 94FD429D1CEE9AB100E200C0 /* Build configuration list for PBXNativeTarget "guideDemo" */;
			buildPhases = (
				94FD42821CEE9AB000E200C0 /* Sources */,
				94FD42831CEE9AB000E200C0 /* Frameworks */,
				94FD42841CEE9AB000E200C0 /* Resources */,
			);
			buildRules = (
			);
			dependencies = (
			);
			name = guideDemo;
			productName = guideDemo;
			productReference = 94FD42861CEE9AB000E200C0 /* guideDemo.app */;
			productType = "com.apple.product-type.application";
		};
/* End PBXNativeTarget section */

/* Begin PBXProject section */
		94FD427E1CEE9AB000E200C0 /* Project object */ = {
			isa = PBXProject;
			attributes = {
				LastUpgradeCheck = 0720;
				ORGANIZATIONNAME = "Beijing Gan Servant Software Co., Ltd.";
				TargetAttributes = {
					94FD42851CEE9AB000E200C0 = {
						CreatedOnToolsVersion = 7.2.1;
					};
				};
			};
			buildConfigurationList = 94FD42811CEE9AB000E200C0 /* Build configuration list for PBXProject "guideDemo" */;
			compatibilityVersion = "Xcode 3.2";
			developmentRegion = English;
			hasScannedForEncodings = 0;
			knownRegions = (
				en,
				Base,
			);
			mainGroup = 94FD427D1CEE9AB000E200C0;
			productRefGroup = 94FD42871CEE9AB000E200C0 /* Products */;
			projectDirPath = "";
			projectRoot = "";
			targets = (
				94FD42851CEE9AB000E200C0 /* guideDemo */,
			);
		};
/* End PBXProject section */

/* Begin PBXResourcesBuildPhase section */
		94FD42841CEE9AB000E200C0 /* Resources */ = {
			isa = PBXResourcesBuildPhase;
			buildActionMask = 2147483647;
			files = (
				94FD42991CEE9AB100E200C0 /* LaunchScreen.storyboard in Resources */,
				94FD42961CEE9AB100E200C0 /* Assets.xcassets in Resources */,
				94FD42941CEE9AB100E200C0 /* Main.storyboard in Resources */,
			);
			runOnlyForDeploymentPostprocessing = 0;
		};
/* End PBXResourcesBuildPhase section */

/* Begin PBXSourcesBuildPhase section */
		94FD42821CEE9AB000E200C0 /* Sources */ = {
			isa = PBXSourcesBuildPhase;
			buildActionMask = 2147483647;
			files = (
				948F44EA1CF5554900226A5A /* UIView+Extension.m in Sources */,
				94FD42A21CEE9B4D00E200C0 /* GAPGuideViewController.m in Sources */,
				94FD42A81CEEDB6100E200C0 /* HXCardSwitchView.m in Sources */,
				94FD42911CEE9AB100E200C0 /* ViewController.m in Sources */,
				94FD428E1CEE9AB100E200C0 /* AppDelegate.m in Sources */,
				94FD428B1CEE9AB100E200C0 /* main.m in Sources */,
			);
			runOnlyForDeploymentPostprocessing = 0;
		};
/* End PBXSourcesBuildPhase section */

/* Begin PBXVariantGroup section */
		94FD42921CEE9AB100E200C0 /* Main.storyboard */ = {
			isa = PBXVariantGroup;
			children = (
				94FD42931CEE9AB100E200C0 /* Base */,
			);
			name = Main.storyboard;
			sourceTree = "<group>";
		};
		94FD42971CEE9AB100E200C0 /* LaunchScreen.storyboard */ = {
			isa = PBXVariantGroup;
			children = (
				94FD42981CEE9AB100E200C0 /* Base */,
			);
			name = LaunchScreen.storyboard;
			sourceTree = "<group>";
		};
/* End PBXVariantGroup section */

/* Begin XCBuildConfiguration section */
		94FD429B1CEE9AB100E200C0 /* Debug */ = {
			isa = XCBuildConfiguration;
			buildSettings = {
				ALWAYS_SEARCH_USER_PATHS = NO;
				CLANG_CXX_LANGUAGE_STANDARD = "gnu++0x";
				CLANG_CXX_LIBRARY = "libc++";
				CLANG_ENABLE_MODULES = YES;
				CLANG_ENABLE_OBJC_ARC = YES;
				CLANG_WARN_BOOL_CONVERSION = YES;
				CLANG_WARN_CONSTANT_CONVERSION = YES;
				CLANG_WARN_DIRECT_OBJC_ISA_USAGE = YES_ERROR;
				CLANG_WARN_EMPTY_BODY = YES;
				CLANG_WARN_ENUM_CONVERSION = YES;
				CLANG_WARN_INT_CONVERSION = YES;
				CLANG_WARN_OBJC_ROOT_CLASS = YES_ERROR;
				CLANG_WARN_UNREACHABLE_CODE = YES;
				CLANG_WARN__DUPLICATE_METHOD_MATCH = YES;
				"CODE_SIGN_IDENTITY[sdk=iphoneos*]" = "iPhone Developer";
				COPY_PHASE_STRIP = NO;
				DEBUG_INFORMATION_FORMAT = dwarf;
				ENABLE_STRICT_OBJC_MSGSEND = YES;
				ENABLE_TESTABILITY = YES;
				GCC_C_LANGUAGE_STANDARD = gnu99;
				GCC_DYNAMIC_NO_PIC = NO;
				GCC_NO_COMMON_BLOCKS = YES;
				GCC_OPTIMIZATION_LEVEL = 0;
				GCC_PREPROCESSOR_DEFINITIONS = (
					"DEBUG=1",
					"$(inherited)",
				);
				GCC_WARN_64_TO_32_BIT_CONVERSION = YES;
				GCC_WARN_ABOUT_RETURN_TYPE = YES_ERROR;
				GCC_WARN_UNDECLARED_SELECTOR = YES;
				GCC_WARN_UNINITIALIZED_AUTOS = YES_AGGRESSIVE;
				GCC_WARN_UNUSED_FUNCTION = YES;
				GCC_WARN_UNUSED_VARIABLE = YES;
				IPHONEOS_DEPLOYMENT_TARGET = 9.2;
				MTL_ENABLE_DEBUG_INFO = YES;
				ONLY_ACTIVE_ARCH = YES;
				SDKROOT = iphoneos;
			};
			name = Debug;
		};
		94FD429C1CEE9AB100E200C0 /* Release */ = {
			isa = XCBuildConfiguration;
			buildSettings = {
				ALWAYS_SEARCH_USER_PATHS = NO;
				CLANG_CXX_LANGUAGE_STANDARD = "gnu++0x";
				CLANG_CXX_LIBRARY = "libc++";
				CLANG_ENABLE_MODULES = YES;
				CLANG_ENABLE_OBJC_ARC = YES;
				CLANG_WARN_BOOL_CONVERSION = YES;
				CLANG_WARN_CONSTANT_CONVERSION = YES;
				CLANG_WARN_DIRECT_OBJC_ISA_USAGE = YES_ERROR;
				CLANG_WARN_EMPTY_BODY = YES;
				CLANG_WARN_ENUM_CONVERSION = YES;
				CLANG_WARN_INT_CONVERSION = YES;
				CLANG_WARN_OBJC_ROOT_CLASS = YES_ERROR;
				CLANG_WARN_UNREACHABLE_CODE = YES;
				CLANG_WARN__DUPLICATE_METHOD_MATCH = YES;
				"CODE_SIGN_IDENTITY[sdk=iphoneos*]" = "iPhone Developer";
				COPY_PHASE_STRIP = NO;
				DEBUG_INFORMATION_FORMAT = "dwarf-with-dsym";
				ENABLE_NS_ASSERTIONS = NO;
				ENABLE_STRICT_OBJC_MSGSEND = YES;
				GCC_C_LANGUAGE_STANDARD = gnu99;
				GCC_NO_COMMON_BLOCKS = YES;
				GCC_WARN_64_TO_32_BIT_CONVERSION = YES;
				GCC_WARN_ABOUT_RETURN_TYPE = YES_ERROR;
				GCC_WARN_UNDECLARED_SELECTOR = YES;
				GCC_WARN_UNINITIALIZED_AUTOS = YES_AGGRESSIVE;
				GCC_WARN_UNUSED_FUNCTION = YES;
				GCC_WARN_UNUSED_VARIABLE = YES;
				IPHONEOS_DEPLOYMENT_TARGET = 9.2;
				MTL_ENABLE_DEBUG_INFO = NO;
				SDKROOT = iphoneos;
				VALIDATE_PRODUCT = YES;
			};
			name = Release;
		};
		94FD429E1CEE9AB100E200C0 /* Debug */ = {
			isa = XCBuildConfiguration;
			buildSettings = {
				ASSETCATALOG_COMPILER_APPICON_NAME = AppIcon;
				CODE_SIGN_IDENTITY = "iPhone Developer";
				INFOPLIST_FILE = guideDemo/Info.plist;
				LD_RUNPATH_SEARCH_PATHS = "$(inherited) @executable_path/Frameworks";
				PRODUCT_BUNDLE_IDENTIFIER = com.ganpurj.guide;
				PRODUCT_NAME = "$(TARGET_NAME)";
			};
			name = Debug;
		};
		94FD429F1CEE9AB100E200C0 /* Release */ = {
			isa = XCBuildConfiguration;
			buildSettings = {
				ASSETCATALOG_COMPILER_APPICON_NAME = AppIcon;
				CODE_SIGN_IDENTITY = "iPhone Developer";
				INFOPLIST_FILE = guideDemo/Info.plist;
				LD_RUNPATH_SEARCH_PATHS = "$(inherited) @executable_path/Frameworks";
				PRODUCT_BUNDLE_IDENTIFIER = com.ganpurj.guide;
				PRODUCT_NAME = "$(TARGET_NAME)";
			};
			name = Release;
		};
/* End XCBuildConfiguration section */

/* Begin XCConfigurationList section */
		94FD42811CEE9AB000E200C0 /* Build configuration list for PBXProject "guideDemo" */ = {
			isa = XCConfigurationList;
			buildConfigurations = (
				94FD429B1CEE9AB100E200C0 /* Debug */,
				94FD429C1CEE9AB100E200C0 /* Release */,
			);
			defaultConfigurationIsVisible = 0;
			defaultConfigurationName = Release;
		};
		94FD429D1CEE9AB100E200C0 /* Build configuration list for PBXNativeTarget "guideDemo" */ = {
			isa = XCConfigurationList;
			buildConfigurations = (
				94FD429E1CEE9AB100E200C0 /* Debug */,
				94FD429F1CEE9AB100E200C0 /* Release */,
			);
			defaultConfigurationIsVisible = 0;
			defaultConfigurationName = Release;
		};
/* End XCConfigurationList section */
	};
	rootObject = 94FD427E1CEE9AB000E200C0 /* Project object */;
}
